
Microsoft Visual Studio Solution File, Format Version 12.00
# Visual Studio Version 17
VisualStudioVersion = 17.0.31903.59
MinimumVisualStudioVersion = 10.0.40219.1
Project("{2150E333-8FDC-42A3-9474-1A3956D46DE8}") = "src", "src", "{BDEE6C59-573C-4A7B-8815-90F10D6F4B14}"
EndProject
Project("{2150E333-8FDC-42A3-9474-1A3956D46DE8}") = "Services", "Services", "{DC4F9AB0-40E6-440C-8A20-47954C6AC022}"
EndProject
Project("{9A19103F-16F7-4668-BE54-9A1E7A4F7556}") = "Basket.API", "src\Services\Basket.API\Basket.API.csproj", "{B24B4067-72AF-4BE5-A483-B570E93D9489}"
EndProject
Project("{9A19103F-16F7-4668-BE54-9A1E7A4F7556}") = "Order.API", "src\Services\Order.API\Order.API.csproj", "{531A8257-377C-47DD-AACB-6F6B4778E92E}"
EndProject
Project("{9A19103F-16F7-4668-BE54-9A1E7A4F7556}") = "User.API", "src\Services\User.API\User.API.csproj", "{6BF0C22D-07CF-488F-858B-E4EAA0BE4B4C}"
EndProject
Project("{2150E333-8FDC-42A3-9474-1A3956D46DE8}") = "Share", "Share", "{CDBBAF7E-8B41-4DB5-BCD9-1CC2F2EED4B8}"
EndProject
Project("{9A19103F-16F7-4668-BE54-9A1E7A4F7556}") = "Common", "src\Share\Common\Common.csproj", "{BD8446E5-6727-4770-B63E-FAB81B14CFF7}"
EndProject
Project("{9A19103F-16F7-4668-BE54-9A1E7A4F7556}") = "Product.API", "src\Services\Product.API\Product.API.csproj", "{A1702E74-0E2E-4154-8B28-4A217A28F338}"
EndProject
Project("{9A19103F-16F7-4668-BE54-9A1E7A4F7556}") = "Gateway.API", "src\Services\Gateway.API\Gateway.API.csproj", "{34985066-67C9-48DA-AC31-39FA78701B2B}"
EndProject
Project("{9A19103F-16F7-4668-BE54-9A1E7A4F7556}") = "API.Contract", "src\Share\API.Contract\API.Contract.csproj", "{7CEB7716-0E02-4C2F-8829-5B1C2E89EE63}"
EndProject
Project("{9A19103F-16F7-4668-BE54-9A1E7A4F7556}") = "Client.Admin", "src\Services\Client.Admin\Client.Admin.csproj", "{6E961459-D774-4B71-9C32-7553C95DE825}"
EndProject
Project("{2150E333-8FDC-42A3-9474-1A3956D46DE8}") = "Solution Files", "Solution Files", "{60D986C7-65D3-4B58-BE9A-4A330C9E0C2F}"
	ProjectSection(SolutionItems) = preProject
		.editorconfig = .editorconfig
		docker-compose.yml = docker-compose.yml
		README.md = README.md
	EndProjectSection
EndProject
Project("{54A90642-561A-4BB1-A94E-469ADEE60C69}") = "Client.Customer", "src\Services\Client.Customer\Client.Customer.esproj", "{A377F8D4-9FF8-473F-AFD6-8E9A7B144797}"
EndProject
Project("{2150E333-8FDC-42A3-9474-1A3956D46DE8}") = "tests", "tests", "{BDEAFB42-5879-45E3-BBD9-00596A6611FA}"
EndProject
Project("{FAE04EC0-301F-11D3-BF4B-00C04F79EFBC}") = "Product.FunctionalTest", "tests\Product.FunctionalTest\Product.FunctionalTest.csproj", "{BE864ACB-CE03-422D-8A4F-4833A6B85EEE}"
EndProject
Project("{FAE04EC0-301F-11D3-BF4B-00C04F79EFBC}") = "Common.UnitTest", "tests\Common.UnitTest\Common.UnitTest.csproj", "{8F2A837B-F1CD-4288-AA93-407F4DBC4B3D}"
EndProject
Global
	GlobalSection(SolutionConfigurationPlatforms) = preSolution
		Debug|Any CPU = Debug|Any CPU
		Release|Any CPU = Release|Any CPU
	EndGlobalSection
	GlobalSection(ProjectConfigurationPlatforms) = postSolution
		{B24B4067-72AF-4BE5-A483-B570E93D9489}.Debug|Any CPU.ActiveCfg = Debug|Any CPU
		{B24B4067-72AF-4BE5-A483-B570E93D9489}.Debug|Any CPU.Build.0 = Debug|Any CPU
		{B24B4067-72AF-4BE5-A483-B570E93D9489}.Release|Any CPU.ActiveCfg = Release|Any CPU
		{B24B4067-72AF-4BE5-A483-B570E93D9489}.Release|Any CPU.Build.0 = Release|Any CPU
		{531A8257-377C-47DD-AACB-6F6B4778E92E}.Debug|Any CPU.ActiveCfg = Debug|Any CPU
		{531A8257-377C-47DD-AACB-6F6B4778E92E}.Debug|Any CPU.Build.0 = Debug|Any CPU
		{531A8257-377C-47DD-AACB-6F6B4778E92E}.Release|Any CPU.ActiveCfg = Release|Any CPU
		{531A8257-377C-47DD-AACB-6F6B4778E92E}.Release|Any CPU.Build.0 = Release|Any CPU
		{6BF0C22D-07CF-488F-858B-E4EAA0BE4B4C}.Debug|Any CPU.ActiveCfg = Debug|Any CPU
		{6BF0C22D-07CF-488F-858B-E4EAA0BE4B4C}.Debug|Any CPU.Build.0 = Debug|Any CPU
		{6BF0C22D-07CF-488F-858B-E4EAA0BE4B4C}.Release|Any CPU.ActiveCfg = Release|Any CPU
		{6BF0C22D-07CF-488F-858B-E4EAA0BE4B4C}.Release|Any CPU.Build.0 = Release|Any CPU
		{BD8446E5-6727-4770-B63E-FAB81B14CFF7}.Debug|Any CPU.ActiveCfg = Debug|Any CPU
		{BD8446E5-6727-4770-B63E-FAB81B14CFF7}.Debug|Any CPU.Build.0 = Debug|Any CPU
		{BD8446E5-6727-4770-B63E-FAB81B14CFF7}.Release|Any CPU.ActiveCfg = Release|Any CPU
		{BD8446E5-6727-4770-B63E-FAB81B14CFF7}.Release|Any CPU.Build.0 = Release|Any CPU
		{A1702E74-0E2E-4154-8B28-4A217A28F338}.Debug|Any CPU.ActiveCfg = Debug|Any CPU
		{A1702E74-0E2E-4154-8B28-4A217A28F338}.Debug|Any CPU.Build.0 = Debug|Any CPU
		{A1702E74-0E2E-4154-8B28-4A217A28F338}.Release|Any CPU.ActiveCfg = Release|Any CPU
		{A1702E74-0E2E-4154-8B28-4A217A28F338}.Release|Any CPU.Build.0 = Release|Any CPU
		{34985066-67C9-48DA-AC31-39FA78701B2B}.Debug|Any CPU.ActiveCfg = Debug|Any CPU
		{34985066-67C9-48DA-AC31-39FA78701B2B}.Debug|Any CPU.Build.0 = Debug|Any CPU
		{34985066-67C9-48DA-AC31-39FA78701B2B}.Release|Any CPU.ActiveCfg = Release|Any CPU
		{34985066-67C9-48DA-AC31-39FA78701B2B}.Release|Any CPU.Build.0 = Release|Any CPU
		{7CEB7716-0E02-4C2F-8829-5B1C2E89EE63}.Debug|Any CPU.ActiveCfg = Debug|Any CPU
		{7CEB7716-0E02-4C2F-8829-5B1C2E89EE63}.Debug|Any CPU.Build.0 = Debug|Any CPU
		{7CEB7716-0E02-4C2F-8829-5B1C2E89EE63}.Release|Any CPU.ActiveCfg = Release|Any CPU
		{7CEB7716-0E02-4C2F-8829-5B1C2E89EE63}.Release|Any CPU.Build.0 = Release|Any CPU
		{6E961459-D774-4B71-9C32-7553C95DE825}.Debug|Any CPU.ActiveCfg = Debug|Any CPU
		{6E961459-D774-4B71-9C32-7553C95DE825}.Debug|Any CPU.Build.0 = Debug|Any CPU
		{6E961459-D774-4B71-9C32-7553C95DE825}.Release|Any CPU.ActiveCfg = Release|Any CPU
		{6E961459-D774-4B71-9C32-7553C95DE825}.Release|Any CPU.Build.0 = Release|Any CPU
		{A377F8D4-9FF8-473F-AFD6-8E9A7B144797}.Debug|Any CPU.ActiveCfg = Debug|Any CPU
		{A377F8D4-9FF8-473F-AFD6-8E9A7B144797}.Debug|Any CPU.Build.0 = Debug|Any CPU
		{A377F8D4-9FF8-473F-AFD6-8E9A7B144797}.Debug|Any CPU.Deploy.0 = Debug|Any CPU
		{A377F8D4-9FF8-473F-AFD6-8E9A7B144797}.Release|Any CPU.ActiveCfg = Release|Any CPU
		{A377F8D4-9FF8-473F-AFD6-8E9A7B144797}.Release|Any CPU.Build.0 = Release|Any CPU
		{A377F8D4-9FF8-473F-AFD6-8E9A7B144797}.Release|Any CPU.Deploy.0 = Release|Any CPU
		{BE864ACB-CE03-422D-8A4F-4833A6B85EEE}.Debug|Any CPU.ActiveCfg = Debug|Any CPU
		{BE864ACB-CE03-422D-8A4F-4833A6B85EEE}.Debug|Any CPU.Build.0 = Debug|Any CPU
		{BE864ACB-CE03-422D-8A4F-4833A6B85EEE}.Release|Any CPU.ActiveCfg = Release|Any CPU
		{BE864ACB-CE03-422D-8A4F-4833A6B85EEE}.Release|Any CPU.Build.0 = Release|Any CPU
		{8F2A837B-F1CD-4288-AA93-407F4DBC4B3D}.Debug|Any CPU.ActiveCfg = Debug|Any CPU
		{8F2A837B-F1CD-4288-AA93-407F4DBC4B3D}.Debug|Any CPU.Build.0 = Debug|Any CPU
		{8F2A837B-F1CD-4288-AA93-407F4DBC4B3D}.Release|Any CPU.ActiveCfg = Release|Any CPU
		{8F2A837B-F1CD-4288-AA93-407F4DBC4B3D}.Release|Any CPU.Build.0 = Release|Any CPU
	EndGlobalSection
	GlobalSection(SolutionProperties) = preSolution
		HideSolutionNode = FALSE
	EndGlobalSection
	GlobalSection(NestedProjects) = preSolution
		{DC4F9AB0-40E6-440C-8A20-47954C6AC022} = {BDEE6C59-573C-4A7B-8815-90F10D6F4B14}
		{B24B4067-72AF-4BE5-A483-B570E93D9489} = {DC4F9AB0-40E6-440C-8A20-47954C6AC022}
		{531A8257-377C-47DD-AACB-6F6B4778E92E} = {DC4F9AB0-40E6-440C-8A20-47954C6AC022}
		{6BF0C22D-07CF-488F-858B-E4EAA0BE4B4C} = {DC4F9AB0-40E6-440C-8A20-47954C6AC022}
		{CDBBAF7E-8B41-4DB5-BCD9-1CC2F2EED4B8} = {BDEE6C59-573C-4A7B-8815-90F10D6F4B14}
		{BD8446E5-6727-4770-B63E-FAB81B14CFF7} = {CDBBAF7E-8B41-4DB5-BCD9-1CC2F2EED4B8}
		{A1702E74-0E2E-4154-8B28-4A217A28F338} = {DC4F9AB0-40E6-440C-8A20-47954C6AC022}
		{34985066-67C9-48DA-AC31-39FA78701B2B} = {DC4F9AB0-40E6-440C-8A20-47954C6AC022}
		{7CEB7716-0E02-4C2F-8829-5B1C2E89EE63} = {CDBBAF7E-8B41-4DB5-BCD9-1CC2F2EED4B8}
		{6E961459-D774-4B71-9C32-7553C95DE825} = {DC4F9AB0-40E6-440C-8A20-47954C6AC022}
		{A377F8D4-9FF8-473F-AFD6-8E9A7B144797} = {DC4F9AB0-40E6-440C-8A20-47954C6AC022}
		{BE864ACB-CE03-422D-8A4F-4833A6B85EEE} = {BDEAFB42-5879-45E3-BBD9-00596A6611FA}
		{8F2A837B-F1CD-4288-AA93-407F4DBC4B3D} = {BDEAFB42-5879-45E3-BBD9-00596A6611FA}
	EndGlobalSection
	GlobalSection(ExtensibilityGlobals) = postSolution
		SolutionGuid = {A8696143-C66A-45D4-B716-B5099C1F3F63}
	EndGlobalSection
EndGlobal
